// !$*UTF8*$!
{
	archiveVersion = 1;
	classes = {
	};
	objectVersion = 55;
	objects = {

/* Begin PBXBuildFile section */
		7565AA7A274AD9AD00060AE2 /* TestFeedApp.swift in Sources */ = {isa = PBXBuildFile; fileRef = 7565AA79274AD9AD00060AE2 /* TestFeedApp.swift */; };
		7565AA7C274AD9AD00060AE2 /* FeedView.swift in Sources */ = {isa = PBXBuildFile; fileRef = 7565AA7B274AD9AD00060AE2 /* FeedView.swift */; };
		7565AA7E274AD9AE00060AE2 /* Assets.xcassets in Resources */ = {isa = PBXBuildFile; fileRef = 7565AA7D274AD9AE00060AE2 /* Assets.xcassets */; };
		7565AA81274AD9AE00060AE2 /* Preview Assets.xcassets in Resources */ = {isa = PBXBuildFile; fileRef = 7565AA80274AD9AE00060AE2 /* Preview Assets.xcassets */; };
		7565AA89274AD9DD00060AE2 /* Feedback.swift in Sources */ = {isa = PBXBuildFile; fileRef = 7565AA88274AD9DD00060AE2 /* Feedback.swift */; };
		7565AA8B274AD9FE00060AE2 /* Publishers+State.swift in Sources */ = {isa = PBXBuildFile; fileRef = 7565AA8A274AD9FE00060AE2 /* Publishers+State.swift */; };
		7565AA8E274ADA1F00060AE2 /* FeedViewModel.swift in Sources */ = {isa = PBXBuildFile; fileRef = 7565AA8D274ADA1F00060AE2 /* FeedViewModel.swift */; };
		7565AA91274ADA4900060AE2 /* Posts.swift in Sources */ = {isa = PBXBuildFile; fileRef = 7565AA90274ADA4900060AE2 /* Posts.swift */; };
		7565AA94274ADA7400060AE2 /* Environment.swift in Sources */ = {isa = PBXBuildFile; fileRef = 7565AA93274ADA7400060AE2 /* Environment.swift */; };
		7565AA97274ADA9500060AE2 /* PostsService.swift in Sources */ = {isa = PBXBuildFile; fileRef = 7565AA96274ADA9500060AE2 /* PostsService.swift */; };
		7565AA9A274ADABE00060AE2 /* HTTPGateway.swift in Sources */ = {isa = PBXBuildFile; fileRef = 7565AA99274ADABE00060AE2 /* HTTPGateway.swift */; };
		7565AA9E274AE0A500060AE2 /* PostRow.swift in Sources */ = {isa = PBXBuildFile; fileRef = 7565AA9D274AE0A500060AE2 /* PostRow.swift */; };
		7565AAA0274AE47300060AE2 /* FeedList.swift in Sources */ = {isa = PBXBuildFile; fileRef = 7565AA9F274AE47300060AE2 /* FeedList.swift */; };
		7565AAA2274AFED700060AE2 /* Filter.swift in Sources */ = {isa = PBXBuildFile; fileRef = 7565AAA1274AFED700060AE2 /* Filter.swift */; };
/* End PBXBuildFile section */

/* Begin PBXFileReference section */
		7565AA76274AD9AD00060AE2 /* TestFeed.app */ = {isa = PBXFileReference; explicitFileType = wrapper.application; includeInIndex = 0; path = TestFeed.app; sourceTree = BUILT_PRODUCTS_DIR; };
		7565AA79274AD9AD00060AE2 /* TestFeedApp.swift */ = {isa = PBXFileReference; lastKnownFileType = sourcecode.swift; path = TestFeedApp.swift; sourceTree = "<group>"; };
		7565AA7B274AD9AD00060AE2 /* FeedView.swift */ = {isa = PBXFileReference; lastKnownFileType = sourcecode.swift; path = FeedView.swift; sourceTree = "<group>"; };
		7565AA7D274AD9AE00060AE2 /* Assets.xcassets */ = {isa = PBXFileReference; lastKnownFileType = folder.assetcatalog; path = Assets.xcassets; sourceTree = "<group>"; };
		7565AA80274AD9AE00060AE2 /* Preview Assets.xcassets */ = {isa = PBXFileReference; lastKnownFileType = folder.assetcatalog; path = "Preview Assets.xcassets"; sourceTree = "<group>"; };
		7565AA88274AD9DD00060AE2 /* Feedback.swift */ = {isa = PBXFileReference; lastKnownFileType = sourcecode.swift; path = Feedback.swift; sourceTree = "<group>"; };
		7565AA8A274AD9FE00060AE2 /* Publishers+State.swift */ = {isa = PBXFileReference; lastKnownFileType = sourcecode.swift; path = "Publishers+State.swift"; sourceTree = "<group>"; };
		7565AA8D274ADA1F00060AE2 /* FeedViewModel.swift */ = {isa = PBXFileReference; lastKnownFileType = sourcecode.swift; path = FeedViewModel.swift; sourceTree = "<group>"; };
		7565AA90274ADA4900060AE2 /* Posts.swift */ = {isa = PBXFileReference; lastKnownFileType = sourcecode.swift; path = Posts.swift; sourceTree = "<group>"; };
		7565AA93274ADA7400060AE2 /* Environment.swift */ = {isa = PBXFileReference; lastKnownFileType = sourcecode.swift; path = Environment.swift; sourceTree = "<group>"; };
		7565AA96274ADA9500060AE2 /* PostsService.swift */ = {isa = PBXFileReference; lastKnownFileType = sourcecode.swift; path = PostsService.swift; sourceTree = "<group>"; };
		7565AA99274ADABE00060AE2 /* HTTPGateway.swift */ = {isa = PBXFileReference; lastKnownFileType = sourcecode.swift; path = HTTPGateway.swift; sourceTree = "<group>"; };
		7565AA9D274AE0A500060AE2 /* PostRow.swift */ = {isa = PBXFileReference; lastKnownFileType = sourcecode.swift; path = PostRow.swift; sourceTree = "<group>"; };
		7565AA9F274AE47300060AE2 /* FeedList.swift */ = {isa = PBXFileReference; lastKnownFileType = sourcecode.swift; path = FeedList.swift; sourceTree = "<group>"; };
		7565AAA1274AFED700060AE2 /* Filter.swift */ = {isa = PBXFileReference; lastKnownFileType = sourcecode.swift; path = Filter.swift; sourceTree = "<group>"; };
/* End PBXFileReference section */

/* Begin PBXFrameworksBuildPhase section */
		7565AA73274AD9AD00060AE2 /* Frameworks */ = {
			isa = PBXFrameworksBuildPhase;
			buildActionMask = 2147483647;
			files = (
			);
			runOnlyForDeploymentPostprocessing = 0;
		};
/* End PBXFrameworksBuildPhase section */

/* Begin PBXGroup section */
		7565AA6D274AD9AD00060AE2 = {
			isa = PBXGroup;
			children = (
				7565AA78274AD9AD00060AE2 /* TestFeed */,
				7565AA77274AD9AD00060AE2 /* Products */,
			);
			sourceTree = "<group>";
		};
		7565AA77274AD9AD00060AE2 /* Products */ = {
			isa = PBXGroup;
			children = (
				7565AA76274AD9AD00060AE2 /* TestFeed.app */,
			);
			name = Products;
			sourceTree = "<group>";
		};
		7565AA78274AD9AD00060AE2 /* TestFeed */ = {
			isa = PBXGroup;
			children = (
				7565AA9C274AE09500060AE2 /* Components */,
				7565AA9B274AE08B00060AE2 /* Views */,
				7565AA98274ADAAB00060AE2 /* Gateways */,
				7565AA95274ADA8500060AE2 /* Services */,
				7565AA92274ADA6000060AE2 /* Dependencies */,
				7565AA8F274ADA3700060AE2 /* Entities */,
				7565AA8C274ADA0C00060AE2 /* Models */,
				7565AA87274AD9C200060AE2 /* StateMachine */,
				7565AA79274AD9AD00060AE2 /* TestFeedApp.swift */,
				7565AA7D274AD9AE00060AE2 /* Assets.xcassets */,
				7565AA7F274AD9AE00060AE2 /* Preview Content */,
			);
			path = TestFeed;
			sourceTree = "<group>";
		};
		7565AA7F274AD9AE00060AE2 /* Preview Content */ = {
			isa = PBXGroup;
			children = (
				7565AA80274AD9AE00060AE2 /* Preview Assets.xcassets */,
			);
			path = "Preview Content";
			sourceTree = "<group>";
		};
		7565AA87274AD9C200060AE2 /* StateMachine */ = {
			isa = PBXGroup;
			children = (
				7565AA88274AD9DD00060AE2 /* Feedback.swift */,
				7565AA8A274AD9FE00060AE2 /* Publishers+State.swift */,
			);
			path = StateMachine;
			sourceTree = "<group>";
		};
		7565AA8C274ADA0C00060AE2 /* Models */ = {
			isa = PBXGroup;
			children = (
				7565AA8D274ADA1F00060AE2 /* FeedViewModel.swift */,
			);
			path = Models;
			sourceTree = "<group>";
		};
		7565AA8F274ADA3700060AE2 /* Entities */ = {
			isa = PBXGroup;
			children = (
				7565AA90274ADA4900060AE2 /* Posts.swift */,
			);
			path = Entities;
			sourceTree = "<group>";
		};
		7565AA92274ADA6000060AE2 /* Dependencies */ = {
			isa = PBXGroup;
			children = (
				7565AA93274ADA7400060AE2 /* Environment.swift */,
			);
			path = Dependencies;
			sourceTree = "<group>";
		};
		7565AA95274ADA8500060AE2 /* Services */ = {
			isa = PBXGroup;
			children = (
				7565AA96274ADA9500060AE2 /* PostsService.swift */,
			);
			path = Services;
			sourceTree = "<group>";
		};
		7565AA98274ADAAB00060AE2 /* Gateways */ = {
			isa = PBXGroup;
			children = (
				7565AA99274ADABE00060AE2 /* HTTPGateway.swift */,
			);
			path = Gateways;
			sourceTree = "<group>";
		};
		7565AA9B274AE08B00060AE2 /* Views */ = {
			isa = PBXGroup;
			children = (
				7565AA7B274AD9AD00060AE2 /* FeedView.swift */,
			);
			path = Views;
			sourceTree = "<group>";
		};
		7565AA9C274AE09500060AE2 /* Components */ = {
			isa = PBXGroup;
			children = (
				7565AA9D274AE0A500060AE2 /* PostRow.swift */,
				7565AA9F274AE47300060AE2 /* FeedList.swift */,
				7565AAA1274AFED700060AE2 /* Filter.swift */,
			);
			path = Components;
			sourceTree = "<group>";
		};
/* End PBXGroup section */

/* Begin PBXNativeTarget section */
		7565AA75274AD9AD00060AE2 /* TestFeed */ = {
			isa = PBXNativeTarget;
			buildConfigurationList = 7565AA84274AD9AE00060AE2 /* Build configuration list for PBXNativeTarget "TestFeed" */;
			buildPhases = (
				7565AA72274AD9AD00060AE2 /* Sources */,
				7565AA73274AD9AD00060AE2 /* Frameworks */,
				7565AA74274AD9AD00060AE2 /* Resources */,
			);
			buildRules = (
			);
			dependencies = (
			);
			name = TestFeed;
			productName = TestFeed;
			productReference = 7565AA76274AD9AD00060AE2 /* TestFeed.app */;
			productType = "com.apple.product-type.application";
		};
/* End PBXNativeTarget section */

/* Begin PBXProject section */
		7565AA6E274AD9AD00060AE2 /* Project object */ = {
			isa = PBXProject;
			attributes = {
				BuildIndependentTargetsInParallel = 1;
				LastSwiftUpdateCheck = 1300;
				LastUpgradeCheck = 1300;
				TargetAttributes = {
					7565AA75274AD9AD00060AE2 = {
						CreatedOnToolsVersion = 13.0;
					};
				};
			};
			buildConfigurationList = 7565AA71274AD9AD00060AE2 /* Build configuration list for PBXProject "TestFeed" */;
			compatibilityVersion = "Xcode 13.0";
			developmentRegion = en;
			hasScannedForEncodings = 0;
			knownRegions = (
				en,
				Base,
			);
			mainGroup = 7565AA6D274AD9AD00060AE2;
			productRefGroup = 7565AA77274AD9AD00060AE2 /* Products */;
			projectDirPath = "";
			projectRoot = "";
			targets = (
				7565AA75274AD9AD00060AE2 /* TestFeed */,
			);
		};
/* End PBXProject section */

/* Begin PBXResourcesBuildPhase section */
		7565AA74274AD9AD00060AE2 /* Resources */ = {
			isa = PBXResourcesBuildPhase;
			buildActionMask = 2147483647;
			files = (
				7565AA81274AD9AE00060AE2 /* Preview Assets.xcassets in Resources */,
				7565AA7E274AD9AE00060AE2 /* Assets.xcassets in Resources */,
			);
			runOnlyForDeploymentPostprocessing = 0;
		};
/* End PBXResourcesBuildPhase section */

/* Begin PBXSourcesBuildPhase section */
		7565AA72274AD9AD00060AE2 /* Sources */ = {
			isa = PBXSourcesBuildPhase;
			buildActionMask = 2147483647;
			files = (
				7565AA9A274ADABE00060AE2 /* HTTPGateway.swift in Sources */,
				7565AAA2274AFED700060AE2 /* Filter.swift in Sources */,
				7565AA8E274ADA1F00060AE2 /* FeedViewModel.swift in Sources */,
				7565AA9E274AE0A500060AE2 /* PostRow.swift in Sources */,
				7565AA91274ADA4900060AE2 /* Posts.swift in Sources */,
				7565AA7C274AD9AD00060AE2 /* FeedView.swift in Sources */,
				7565AA94274ADA7400060AE2 /* Environment.swift in Sources */,
				7565AA7A274AD9AD00060AE2 /* TestFeedApp.swift in Sources */,
				7565AA8B274AD9FE00060AE2 /* Publishers+State.swift in Sources */,
				7565AA89274AD9DD00060AE2 /* Feedback.swift in Sources */,
				7565AAA0274AE47300060AE2 /* FeedList.swift in Sources */,
				7565AA97274ADA9500060AE2 /* PostsService.swift in Sources */,
			);
			runOnlyForDeploymentPostprocessing = 0;
		};
/* End PBXSourcesBuildPhase section */

/* Begin XCBuildConfiguration section */
		7565AA82274AD9AE00060AE2 /* Debug */ = {
			isa = XCBuildConfiguration;
			buildSettings = {
				ALWAYS_SEARCH_USER_PATHS = NO;
				CLANG_ANALYZER_NONNULL = YES;
				CLANG_ANALYZER_NUMBER_OBJECT_CONVERSION = YES_AGGRESSIVE;
				CLANG_CXX_LANGUAGE_STANDARD = "gnu++17";
				CLANG_CXX_LIBRARY = "libc++";
				CLANG_ENABLE_MODULES = YES;
				CLANG_ENABLE_OBJC_ARC = YES;
				CLANG_ENABLE_OBJC_WEAK = YES;
				CLANG_WARN_BLOCK_CAPTURE_AUTORELEASING = YES;
				CLANG_WARN_BOOL_CONVERSION = YES;
				CLANG_WARN_COMMA = YES;
				CLANG_WARN_CONSTANT_CONVERSION = YES;
				CLANG_WARN_DEPRECATED_OBJC_IMPLEMENTATIONS = YES;
				CLANG_WARN_DIRECT_OBJC_ISA_USAGE = YES_ERROR;
				CLANG_WARN_DOCUMENTATION_COMMENTS = YES;
				CLANG_WARN_EMPTY_BODY = YES;
				CLANG_WARN_ENUM_CONVERSION = YES;
				CLANG_WARN_INFINITE_RECURSION = YES;
				CLANG_WARN_INT_CONVERSION = YES;
				CLANG_WARN_NON_LITERAL_NULL_CONVERSION = YES;
				CLANG_WARN_OBJC_IMPLICIT_RETAIN_SELF = YES;
				CLANG_WARN_OBJC_LITERAL_CONVERSION = YES;
				CLANG_WARN_OBJC_ROOT_CLASS = YES_ERROR;
				CLANG_WARN_QUOTED_INCLUDE_IN_FRAMEWORK_HEADER = YES;
				CLANG_WARN_RANGE_LOOP_ANALYSIS = YES;
				CLANG_WARN_STRICT_PROTOTYPES = YES;
				CLANG_WARN_SUSPICIOUS_MOVE = YES;
				CLANG_WARN_UNGUARDED_AVAILABILITY = YES_AGGRESSIVE;
				CLANG_WARN_UNREACHABLE_CODE = YES;
				CLANG_WARN__DUPLICATE_METHOD_MATCH = YES;
				COPY_PHASE_STRIP = NO;
				DEBUG_INFORMATION_FORMAT = dwarf;
				ENABLE_STRICT_OBJC_MSGSEND = YES;
				ENABLE_TESTABILITY = YES;
				GCC_C_LANGUAGE_STANDARD = gnu11;
				GCC_DYNAMIC_NO_PIC = NO;
				GCC_NO_COMMON_BLOCKS = YES;
				GCC_OPTIMIZATION_LEVEL = 0;
				GCC_PREPROCESSOR_DEFINITIONS = (
					"DEBUG=1",
					"$(inherited)",
				);
				GCC_WARN_64_TO_32_BIT_CONVERSION = YES;
				GCC_WARN_ABOUT_RETURN_TYPE = YES_ERROR;
				GCC_WARN_UNDECLARED_SELECTOR = YES;
				GCC_WARN_UNINITIALIZED_AUTOS = YES_AGGRESSIVE;
				GCC_WARN_UNUSED_FUNCTION = YES;
				GCC_WARN_UNUSED_VARIABLE = YES;
				IPHONEOS_DEPLOYMENT_TARGET = 15.0;
				MTL_ENABLE_DEBUG_INFO = INCLUDE_SOURCE;
				MTL_FAST_MATH = YES;
				ONLY_ACTIVE_ARCH = YES;
				SDKROOT = iphoneos;
				SWIFT_ACTIVE_COMPILATION_CONDITIONS = DEBUG;
				SWIFT_OPTIMIZATION_LEVEL = "-Onone";
			};
			name = Debug;
		};
		7565AA83274AD9AE00060AE2 /* Release */ = {
			isa = XCBuildConfiguration;
			buildSettings = {
				ALWAYS_SEARCH_USER_PATHS = NO;
				CLANG_ANALYZER_NONNULL = YES;
				CLANG_ANALYZER_NUMBER_OBJECT_CONVERSION = YES_AGGRESSIVE;
				CLANG_CXX_LANGUAGE_STANDARD = "gnu++17";
				CLANG_CXX_LIBRARY = "libc++";
				CLANG_ENABLE_MODULES = YES;
				CLANG_ENABLE_OBJC_ARC = YES;
				CLANG_ENABLE_OBJC_WEAK = YES;
				CLANG_WARN_BLOCK_CAPTURE_AUTORELEASING = YES;
				CLANG_WARN_BOOL_CONVERSION = YES;
				CLANG_WARN_COMMA = YES;
				CLANG_WARN_CONSTANT_CONVERSION = YES;
				CLANG_WARN_DEPRECATED_OBJC_IMPLEMENTATIONS = YES;
				CLANG_WARN_DIRECT_OBJC_ISA_USAGE = YES_ERROR;
				CLANG_WARN_DOCUMENTATION_COMMENTS = YES;
				CLANG_WARN_EMPTY_BODY = YES;
				CLANG_WARN_ENUM_CONVERSION = YES;
				CLANG_WARN_INFINITE_RECURSION = YES;
				CLANG_WARN_INT_CONVERSION = YES;
				CLANG_WARN_NON_LITERAL_NULL_CONVERSION = YES;
				CLANG_WARN_OBJC_IMPLICIT_RETAIN_SELF = YES;
				CLANG_WARN_OBJC_LITERAL_CONVERSION = YES;
				CLANG_WARN_OBJC_ROOT_CLASS = YES_ERROR;
				CLANG_WARN_QUOTED_INCLUDE_IN_FRAMEWORK_HEADER = YES;
				CLANG_WARN_RANGE_LOOP_ANALYSIS = YES;
				CLANG_WARN_STRICT_PROTOTYPES = YES;
				CLANG_WARN_SUSPICIOUS_MOVE = YES;
				CLANG_WARN_UNGUARDED_AVAILABILITY = YES_AGGRESSIVE;
				CLANG_WARN_UNREACHABLE_CODE = YES;
				CLANG_WARN__DUPLICATE_METHOD_MATCH = YES;
				COPY_PHASE_STRIP = NO;
				DEBUG_INFORMATION_FORMAT = "dwarf-with-dsym";
				ENABLE_NS_ASSERTIONS = NO;
				ENABLE_STRICT_OBJC_MSGSEND = YES;
				GCC_C_LANGUAGE_STANDARD = gnu11;
				GCC_NO_COMMON_BLOCKS = YES;
				GCC_WARN_64_TO_32_BIT_CONVERSION = YES;
				GCC_WARN_ABOUT_RETURN_TYPE = YES_ERROR;
				GCC_WARN_UNDECLARED_SELECTOR = YES;
				GCC_WARN_UNINITIALIZED_AUTOS = YES_AGGRESSIVE;
				GCC_WARN_UNUSED_FUNCTION = YES;
				GCC_WARN_UNUSED_VARIABLE = YES;
				IPHONEOS_DEPLOYMENT_TARGET = 15.0;
				MTL_ENABLE_DEBUG_INFO = NO;
				MTL_FAST_MATH = YES;
				SDKROOT = iphoneos;
				SWIFT_COMPILATION_MODE = wholemodule;
				SWIFT_OPTIMIZATION_LEVEL = "-O";
				VALIDATE_PRODUCT = YES;
			};
			name = Release;
		};
		7565AA85274AD9AE00060AE2 /* Debug */ = {
			isa = XCBuildConfiguration;
			buildSettings = {
				ASSETCATALOG_COMPILER_APPICON_NAME = AppIcon;
				ASSETCATALOG_COMPILER_GLOBAL_ACCENT_COLOR_NAME = AccentColor;
				CODE_SIGN_STYLE = Automatic;
				CURRENT_PROJECT_VERSION = 1;
				DEVELOPMENT_ASSET_PATHS = "\"TestFeed/Preview Content\"";
				DEVELOPMENT_TEAM = APSFY5YMRZ;
				ENABLE_PREVIEWS = YES;
				GENERATE_INFOPLIST_FILE = YES;
				INFOPLIST_KEY_UIApplicationSceneManifest_Generation = YES;
				INFOPLIST_KEY_UIApplicationSupportsIndirectInputEvents = YES;
				INFOPLIST_KEY_UILaunchScreen_Generation = YES;
				INFOPLIST_KEY_UISupportedInterfaceOrientations_iPad = "UIInterfaceOrientationPortrait UIInterfaceOrientationPortraitUpsideDown UIInterfaceOrientationLandscapeLeft UIInterfaceOrientationLandscapeRight";
				INFOPLIST_KEY_UISupportedInterfaceOrientations_iPhone = "UIInterfaceOrientationPortrait UIInterfaceOrientationLandscapeLeft UIInterfaceOrientationLandscapeRight";
				IPHONEOS_DEPLOYMENT_TARGET = 15.0;
				LD_RUNPATH_SEARCH_PATHS = (
					"$(inherited)",
					"@executable_path/Frameworks",
				);
				MARKETING_VERSION = 1.0;
				PRODUCT_BUNDLE_IDENTIFIER = matveev.TestFeed;
				PRODUCT_NAME = "$(TARGET_NAME)";
				SWIFT_EMIT_LOC_STRINGS = YES;
				SWIFT_VERSION = 5.0;
				TARGETED_DEVICE_FAMILY = "1,2";
			};
			name = Debug;
		};
		7565AA86274AD9AE00060AE2 /* Release */ = {
			isa = XCBuildConfiguration;
			buildSettings = {
				ASSETCATALOG_COMPILER_APPICON_NAME = AppIcon;
				ASSETCATALOG_COMPILER_GLOBAL_ACCENT_COLOR_NAME = AccentColor;
				CODE_SIGN_STYLE = Automatic;
				CURRENT_PROJECT_VERSION = 1;
				DEVELOPMENT_ASSET_PATHS = "\"TestFeed/Preview Content\"";
				DEVELOPMENT_TEAM = APSFY5YMRZ;
				ENABLE_PREVIEWS = YES;
				GENERATE_INFOPLIST_FILE = YES;
				INFOPLIST_KEY_UIApplicationSceneManifest_Generation = YES;
				INFOPLIST_KEY_UIApplicationSupportsIndirectInputEvents = YES;
				INFOPLIST_KEY_UILaunchScreen_Generation = YES;
				INFOPLIST_KEY_UISupportedInterfaceOrientations_iPad = "UIInterfaceOrientationPortrait UIInterfaceOrientationPortraitUpsideDown UIInterfaceOrientationLandscapeLeft UIInterfaceOrientationLandscapeRight";
				INFOPLIST_KEY_UISupportedInterfaceOrientations_iPhone = "UIInterfaceOrientationPortrait UIInterfaceOrientationLandscapeLeft UIInterfaceOrientationLandscapeRight";
				IPHONEOS_DEPLOYMENT_TARGET = 15.0;
				LD_RUNPATH_SEARCH_PATHS = (
					"$(inherited)",
					"@executable_path/Frameworks",
				);
				MARKETING_VERSION = 1.0;
				PRODUCT_BUNDLE_IDENTIFIER = matveev.TestFeed;
				PRODUCT_NAME = "$(TARGET_NAME)";
				SWIFT_EMIT_LOC_STRINGS = YES;
				SWIFT_VERSION = 5.0;
				TARGETED_DEVICE_FAMILY = "1,2";
			};
			name = Release;
		};
/* End XCBuildConfiguration section */

/* Begin XCConfigurationList section */
		7565AA71274AD9AD00060AE2 /* Build configuration list for PBXProject "TestFeed" */ = {
			isa = XCConfigurationList;
			buildConfigurations = (
				7565AA82274AD9AE00060AE2 /* Debug */,
				7565AA83274AD9AE00060AE2 /* Release */,
			);
			defaultConfigurationIsVisible = 0;
			defaultConfigurationName = Release;
		};
		7565AA84274AD9AE00060AE2 /* Build configuration list for PBXNativeTarget "TestFeed" */ = {
			isa = XCConfigurationList;
			buildConfigurations = (
				7565AA85274AD9AE00060AE2 /* Debug */,
				7565AA86274AD9AE00060AE2 /* Release */,
			);
			defaultConfigurationIsVisible = 0;
			defaultConfigurationName = Release;
		};
/* End XCConfigurationList section */
	};
	rootObject = 7565AA6E274AD9AD00060AE2 /* Project object */;
}
